
Microsoft Visual Studio Solution File, Format Version 12.00
# Visual Studio Version 17
VisualStudioVersion = 17.8.34330.188
MinimumVisualStudioVersion = 10.0.40219.1
Project("{FAE04EC0-301F-11D3-BF4B-00C04F79EFBC}") = "EmployeeDetailsWebAPI", "EmployeeDetailsWebAPI.csproj", "{8218144E-D610-4DDE-852A-CD2C260320B3}"
EndProject
Global
	GlobalSection(SolutionConfigurationPlatforms) = preSolution
		Debug|Any CPU = Debug|Any CPU
		Release|Any CPU = Release|Any CPU
	EndGlobalSection
	GlobalSection(ProjectConfigurationPlatforms) = postSolution
		{8218144E-D610-4DDE-852A-CD2C260320B3}.Debug|Any CPU.ActiveCfg = Debug|Any CPU
		{8218144E-D610-4DDE-852A-CD2C260320B3}.Debug|Any CPU.Build.0 = Debug|Any CPU
		{8218144E-D610-4DDE-852A-CD2C260320B3}.Release|Any CPU.ActiveCfg = Release|Any CPU
		{8218144E-D610-4DDE-852A-CD2C260320B3}.Release|Any CPU.Build.0 = Release|Any CPU
	EndGlobalSection
	GlobalSection(SolutionProperties) = preSolution
		HideSolutionNode = FALSE
	EndGlobalSection
	GlobalSection(ExtensibilityGlobals) = postSolution
		SolutionGuid = {30086F4F-89D6-4DF9-8BF1-1144522DBFD6}
	EndGlobalSection
EndGlobal
